
Microsoft Visual Studio Solution File, Format Version 12.00
# Visual Studio Version 17
VisualStudioVersion = 17.9.34902.65
MinimumVisualStudioVersion = 10.0.40219.1
Project("{9A19103F-16F7-4668-BE54-9A1E7A4F7556}") = "FourZero", "FourZero\FourZero.csproj", "{A2903A2F-8AAA-494B-BD02-3BE4F9CCAFE8}"
EndProject
Global
	GlobalSection(SolutionConfigurationPlatforms) = preSolution
		Debug|Any CPU = Debug|Any CPU
		Release|Any CPU = Release|Any CPU
	EndGlobalSection
	GlobalSection(ProjectConfigurationPlatforms) = postSolution
		{A2903A2F-8AAA-494B-BD02-3BE4F9CCAFE8}.Debug|Any CPU.ActiveCfg = Debug|Any CPU
		{A2903A2F-8AAA-494B-BD02-3BE4F9CCAFE8}.Debug|Any CPU.Build.0 = Debug|Any CPU
		{A2903A2F-8AAA-494B-BD02-3BE4F9CCAFE8}.Release|Any CPU.ActiveCfg = Release|Any CPU
		{A2903A2F-8AAA-494B-BD02-3BE4F9CCAFE8}.Release|Any CPU.Build.0 = Release|Any CPU
	EndGlobalSection
	GlobalSection(SolutionProperties) = preSolution
		HideSolutionNode = FALSE
	EndGlobalSection
	GlobalSection(ExtensibilityGlobals) = postSolution
		SolutionGuid = {08BC3408-3033-45EA-8624-FDC31B34075E}
	EndGlobalSection
EndGlobal
